
Microsoft Visual Studio Solution File, Format Version 12.00
# Visual Studio Version 16
VisualStudioVersion = 16.0.29728.190
MinimumVisualStudioVersion = 10.0.40219.1
Project("{FAE04EC0-301F-11D3-BF4B-00C04F79EFBC}") = "App1.Android", "App1.Android\App1.Android.csproj", "{8DCD1152-066E-4CEE-A633-0658C4F42DB5}"
EndProject
Project("{FAE04EC0-301F-11D3-BF4B-00C04F79EFBC}") = "App1.iOS", "App1.iOS\App1.iOS.csproj", "{35FE5DBA-CBF3-4D89-B0CD-DC9AE642A36A}"
EndProject
Project("{FAE04EC0-301F-11D3-BF4B-00C04F79EFBC}") = "App1", "App1\App1.csproj", "{0FFA61C7-79C6-42F5-955F-5F37DC38DCB0}"
EndProject
Global
	GlobalSection(SolutionConfigurationPlatforms) = preSolution
		Debug|Any CPU = Debug|Any CPU
		Debug|iPhone = Debug|iPhone
		Debug|iPhoneSimulator = Debug|iPhoneSimulator
		Release|Any CPU = Release|Any CPU
		Release|iPhone = Release|iPhone
		Release|iPhoneSimulator = Release|iPhoneSimulator
	EndGlobalSection
	GlobalSection(ProjectConfigurationPlatforms) = postSolution
		{8DCD1152-066E-4CEE-A633-0658C4F42DB5}.Debug|Any CPU.ActiveCfg = Debug|Any CPU
		{8DCD1152-066E-4CEE-A633-0658C4F42DB5}.Debug|Any CPU.Build.0 = Debug|Any CPU
		{8DCD1152-066E-4CEE-A633-0658C4F42DB5}.Debug|Any CPU.Deploy.0 = Debug|Any CPU
		{8DCD1152-066E-4CEE-A633-0658C4F42DB5}.Debug|iPhone.ActiveCfg = Debug|Any CPU
		{8DCD1152-066E-4CEE-A633-0658C4F42DB5}.Debug|iPhone.Build.0 = Debug|Any CPU
		{8DCD1152-066E-4CEE-A633-0658C4F42DB5}.Debug|iPhone.Deploy.0 = Debug|Any CPU
		{8DCD1152-066E-4CEE-A633-0658C4F42DB5}.Debug|iPhoneSimulator.ActiveCfg = Debug|Any CPU
		{8DCD1152-066E-4CEE-A633-0658C4F42DB5}.Debug|iPhoneSimulator.Build.0 = Debug|Any CPU
		{8DCD1152-066E-4CEE-A633-0658C4F42DB5}.Debug|iPhoneSimulator.Deploy.0 = Debug|Any CPU
		{8DCD1152-066E-4CEE-A633-0658C4F42DB5}.Release|Any CPU.ActiveCfg = Release|Any CPU
		{8DCD1152-066E-4CEE-A633-0658C4F42DB5}.Release|Any CPU.Build.0 = Release|Any CPU
		{8DCD1152-066E-4CEE-A633-0658C4F42DB5}.Release|Any CPU.Deploy.0 = Release|Any CPU
		{8DCD1152-066E-4CEE-A633-0658C4F42DB5}.Release|iPhone.ActiveCfg = Release|Any CPU
		{8DCD1152-066E-4CEE-A633-0658C4F42DB5}.Release|iPhone.Build.0 = Release|Any CPU
		{8DCD1152-066E-4CEE-A633-0658C4F42DB5}.Release|iPhone.Deploy.0 = Release|Any CPU
		{8DCD1152-066E-4CEE-A633-0658C4F42DB5}.Release|iPhoneSimulator.ActiveCfg = Release|Any CPU
		{8DCD1152-066E-4CEE-A633-0658C4F42DB5}.Release|iPhoneSimulator.Build.0 = Release|Any CPU
		{8DCD1152-066E-4CEE-A633-0658C4F42DB5}.Release|iPhoneSimulator.Deploy.0 = Release|Any CPU
		{35FE5DBA-CBF3-4D89-B0CD-DC9AE642A36A}.Debug|Any CPU.ActiveCfg = Debug|iPhoneSimulator
		{35FE5DBA-CBF3-4D89-B0CD-DC9AE642A36A}.Debug|Any CPU.Build.0 = Debug|iPhoneSimulator
		{35FE5DBA-CBF3-4D89-B0CD-DC9AE642A36A}.Debug|Any CPU.Deploy.0 = Debug|iPhoneSimulator
		{35FE5DBA-CBF3-4D89-B0CD-DC9AE642A36A}.Debug|iPhone.ActiveCfg = Debug|iPhone
		{35FE5DBA-CBF3-4D89-B0CD-DC9AE642A36A}.Debug|iPhone.Build.0 = Debug|iPhone
		{35FE5DBA-CBF3-4D89-B0CD-DC9AE642A36A}.Debug|iPhone.Deploy.0 = Debug|iPhone
		{35FE5DBA-CBF3-4D89-B0CD-DC9AE642A36A}.Debug|iPhoneSimulator.ActiveCfg = Debug|iPhoneSimulator
		{35FE5DBA-CBF3-4D89-B0CD-DC9AE642A36A}.Debug|iPhoneSimulator.Build.0 = Debug|iPhoneSimulator
		{35FE5DBA-CBF3-4D89-B0CD-DC9AE642A36A}.Debug|iPhoneSimulator.Deploy.0 = Debug|iPhoneSimulator
		{35FE5DBA-CBF3-4D89-B0CD-DC9AE642A36A}.Release|Any CPU.ActiveCfg = Release|iPhone
		{35FE5DBA-CBF3-4D89-B0CD-DC9AE642A36A}.Release|Any CPU.Build.0 = Release|iPhone
		{35FE5DBA-CBF3-4D89-B0CD-DC9AE642A36A}.Release|Any CPU.Deploy.0 = Release|iPhone
		{35FE5DBA-CBF3-4D89-B0CD-DC9AE642A36A}.Release|iPhone.ActiveCfg = Release|iPhone
		{35FE5DBA-CBF3-4D89-B0CD-DC9AE642A36A}.Release|iPhone.Build.0 = Release|iPhone
		{35FE5DBA-CBF3-4D89-B0CD-DC9AE642A36A}.Release|iPhone.Deploy.0 = Release|iPhone
		{35FE5DBA-CBF3-4D89-B0CD-DC9AE642A36A}.Release|iPhoneSimulator.ActiveCfg = Release|iPhoneSimulator
		{35FE5DBA-CBF3-4D89-B0CD-DC9AE642A36A}.Release|iPhoneSimulator.Build.0 = Release|iPhoneSimulator
		{35FE5DBA-CBF3-4D89-B0CD-DC9AE642A36A}.Release|iPhoneSimulator.Deploy.0 = Release|iPhoneSimulator
		{0FFA61C7-79C6-42F5-955F-5F37DC38DCB0}.Debug|Any CPU.ActiveCfg = Debug|Any CPU
		{0FFA61C7-79C6-42F5-955F-5F37DC38DCB0}.Debug|Any CPU.Build.0 = Debug|Any CPU
		{0FFA61C7-79C6-42F5-955F-5F37DC38DCB0}.Debug|Any CPU.Deploy.0 = Debug|Any CPU
		{0FFA61C7-79C6-42F5-955F-5F37DC38DCB0}.Debug|iPhone.ActiveCfg = Debug|Any CPU
		{0FFA61C7-79C6-42F5-955F-5F37DC38DCB0}.Debug|iPhone.Build.0 = Debug|Any CPU
		{0FFA61C7-79C6-42F5-955F-5F37DC38DCB0}.Debug|iPhone.Deploy.0 = Debug|Any CPU
		{0FFA61C7-79C6-42F5-955F-5F37DC38DCB0}.Debug|iPhoneSimulator.ActiveCfg = Debug|Any CPU
		{0FFA61C7-79C6-42F5-955F-5F37DC38DCB0}.Debug|iPhoneSimulator.Build.0 = Debug|Any CPU
		{0FFA61C7-79C6-42F5-955F-5F37DC38DCB0}.Debug|iPhoneSimulator.Deploy.0 = Debug|Any CPU
		{0FFA61C7-79C6-42F5-955F-5F37DC38DCB0}.Release|Any CPU.ActiveCfg = Release|Any CPU
		{0FFA61C7-79C6-42F5-955F-5F37DC38DCB0}.Release|Any CPU.Build.0 = Release|Any CPU
		{0FFA61C7-79C6-42F5-955F-5F37DC38DCB0}.Release|Any CPU.Deploy.0 = Release|Any CPU
		{0FFA61C7-79C6-42F5-955F-5F37DC38DCB0}.Release|iPhone.ActiveCfg = Release|Any CPU
		{0FFA61C7-79C6-42F5-955F-5F37DC38DCB0}.Release|iPhone.Build.0 = Release|Any CPU
		{0FFA61C7-79C6-42F5-955F-5F37DC38DCB0}.Release|iPhone.Deploy.0 = Release|Any CPU
		{0FFA61C7-79C6-42F5-955F-5F37DC38DCB0}.Release|iPhoneSimulator.ActiveCfg = Release|Any CPU
		{0FFA61C7-79C6-42F5-955F-5F37DC38DCB0}.Release|iPhoneSimulator.Build.0 = Release|Any CPU
		{0FFA61C7-79C6-42F5-955F-5F37DC38DCB0}.Release|iPhoneSimulator.Deploy.0 = Release|Any CPU
	EndGlobalSection
	GlobalSection(SolutionProperties) = preSolution
		HideSolutionNode = FALSE
	EndGlobalSection
	GlobalSection(ExtensibilityGlobals) = postSolution
		SolutionGuid = {D1E60F5C-71D0-4C58-ADA7-976EAB72478F}
	EndGlobalSection
EndGlobal
